
Microsoft Visual Studio Solution File, Format Version 9.00
# Visual Studio 2005
Project("{FAE04EC0-301F-11D3-BF4B-00C04F79EFBC}") = "TMain", "TMain\TMain.csproj", "{914EBEB1-436F-42A9-8BE6-79A0FFD1B6EF}"
EndProject
Global
	GlobalSection(SourceCodeControl) = preSolution
		SccNumberOfProjects = 2
		SccProjectName0 = TMain
		SccLocalPath0 = .
		SccProvider0 = MSSCCI:Jalindi\u0020Igloo
		CanCheckoutShared = true
		SccProjectUniqueName1 = TMain\\TMain.csproj
		SccProjectName1 = TMain/TMain
		SccLocalPath1 = TMain
		CanCheckoutShared = true
	EndGlobalSection
	GlobalSection(SolutionConfigurationPlatforms) = preSolution
		Debug|Any CPU = Debug|Any CPU
		Release|Any CPU = Release|Any CPU
	EndGlobalSection
	GlobalSection(ProjectConfigurationPlatforms) = postSolution
		{914EBEB1-436F-42A9-8BE6-79A0FFD1B6EF}.Debug|Any CPU.ActiveCfg = Debug|Any CPU
		{914EBEB1-436F-42A9-8BE6-79A0FFD1B6EF}.Debug|Any CPU.Build.0 = Debug|Any CPU
		{914EBEB1-436F-42A9-8BE6-79A0FFD1B6EF}.Release|Any CPU.ActiveCfg = Release|Any CPU
		{914EBEB1-436F-42A9-8BE6-79A0FFD1B6EF}.Release|Any CPU.Build.0 = Release|Any CPU
	EndGlobalSection
	GlobalSection(SolutionProperties) = preSolution
		HideSolutionNode = FALSE
	EndGlobalSection
EndGlobal
